// !$*UTF8*$!
{
	archiveVersion = 1;
	classes = {
	};
	objectVersion = 46;
	objects = {

/* Begin PBXBuildFile section */
		780DFF851EDB1D5E00B08175 /* CliqHandler.swift in Sources */ = {isa = PBXBuildFile; fileRef = 780DFF841EDB1D5E00B08175 /* CliqHandler.swift */; };
		7849AF481ED988B800EE34FA /* DBProvider.swift in Sources */ = {isa = PBXBuildFile; fileRef = 7849AF471ED988B800EE34FA /* DBProvider.swift */; };
		7849AF521ED98C8C00EE34FA /* Constants.swift in Sources */ = {isa = PBXBuildFile; fileRef = 7849AF511ED98C8C00EE34FA /* Constants.swift */; };
		786B91CD1ED98F130060D981 /* BarberSignInViewController.swift in Sources */ = {isa = PBXBuildFile; fileRef = 786B91CC1ED98F130060D981 /* BarberSignInViewController.swift */; };
		786B91CF1EDA7FF70060D981 /* BarberViewController.swift in Sources */ = {isa = PBXBuildFile; fileRef = 786B91CE1EDA7FF70060D981 /* BarberViewController.swift */; };
		786B91D11EDA861F0060D981 /* FirstViewController.swift in Sources */ = {isa = PBXBuildFile; fileRef = 786B91D01EDA861F0060D981 /* FirstViewController.swift */; };
		786B91D31EDA8C870060D981 /* Variables.swift in Sources */ = {isa = PBXBuildFile; fileRef = 786B91D21EDA8C870060D981 /* Variables.swift */; };
		78A8B5F21ED93AFF002B4070 /* ClientSingInViewController.swift in Sources */ = {isa = PBXBuildFile; fileRef = 78A8B5F11ED93AFF002B4070 /* ClientSingInViewController.swift */; };
		78A8B5F61ED943DF002B4070 /* ClientViewController.swift in Sources */ = {isa = PBXBuildFile; fileRef = 78A8B5F51ED943DF002B4070 /* ClientViewController.swift */; };
		78B64C4A1ED7FC4200A77354 /* GoogleService-Info.plist in Resources */ = {isa = PBXBuildFile; fileRef = 78B64C491ED7FC4200A77354 /* GoogleService-Info.plist */; };
		78B64C521ED801AB00A77354 /* AuthProvider.swift in Sources */ = {isa = PBXBuildFile; fileRef = 78B64C511ED801AB00A77354 /* AuthProvider.swift */; };
		78DDF2851ED6ABE900EFA4F5 /* AppDelegate.swift in Sources */ = {isa = PBXBuildFile; fileRef = 78DDF2841ED6ABE900EFA4F5 /* AppDelegate.swift */; };
		78DDF28A1ED6ABE900EFA4F5 /* Main.storyboard in Resources */ = {isa = PBXBuildFile; fileRef = 78DDF2881ED6ABE900EFA4F5 /* Main.storyboard */; };
		78DDF28C1ED6ABE900EFA4F5 /* Assets.xcassets in Resources */ = {isa = PBXBuildFile; fileRef = 78DDF28B1ED6ABE900EFA4F5 /* Assets.xcassets */; };
		78DDF28F1ED6ABE900EFA4F5 /* LaunchScreen.storyboard in Resources */ = {isa = PBXBuildFile; fileRef = 78DDF28D1ED6ABE900EFA4F5 /* LaunchScreen.storyboard */; };
		78DDF29C1ED6B43500EFA4F5 /* Person.swift in Sources */ = {isa = PBXBuildFile; fileRef = 78DDF29B1ED6B43500EFA4F5 /* Person.swift */; };
		8870C8BF984ECF983CDBC37B /* Pods_cliq.framework in Frameworks */ = {isa = PBXBuildFile; fileRef = 4285676F892A17ADD9D5E48D /* Pods_cliq.framework */; };
/* End PBXBuildFile section */

/* Begin PBXFileReference section */
		4285676F892A17ADD9D5E48D /* Pods_cliq.framework */ = {isa = PBXFileReference; explicitFileType = wrapper.framework; includeInIndex = 0; path = Pods_cliq.framework; sourceTree = BUILT_PRODUCTS_DIR; };
		780DFF841EDB1D5E00B08175 /* CliqHandler.swift */ = {isa = PBXFileReference; fileEncoding = 4; lastKnownFileType = sourcecode.swift; path = CliqHandler.swift; sourceTree = "<group>"; };
		7849AF471ED988B800EE34FA /* DBProvider.swift */ = {isa = PBXFileReference; fileEncoding = 4; lastKnownFileType = sourcecode.swift; path = DBProvider.swift; sourceTree = "<group>"; };
		7849AF511ED98C8C00EE34FA /* Constants.swift */ = {isa = PBXFileReference; fileEncoding = 4; lastKnownFileType = sourcecode.swift; path = Constants.swift; sourceTree = "<group>"; };
		786B91CC1ED98F130060D981 /* BarberSignInViewController.swift */ = {isa = PBXFileReference; fileEncoding = 4; lastKnownFileType = sourcecode.swift; path = BarberSignInViewController.swift; sourceTree = "<group>"; };
		786B91CE1EDA7FF70060D981 /* BarberViewController.swift */ = {isa = PBXFileReference; fileEncoding = 4; lastKnownFileType = sourcecode.swift; path = BarberViewController.swift; sourceTree = "<group>"; };
		786B91D01EDA861F0060D981 /* FirstViewController.swift */ = {isa = PBXFileReference; fileEncoding = 4; lastKnownFileType = sourcecode.swift; path = FirstViewController.swift; sourceTree = "<group>"; };
		786B91D21EDA8C870060D981 /* Variables.swift */ = {isa = PBXFileReference; fileEncoding = 4; lastKnownFileType = sourcecode.swift; path = Variables.swift; sourceTree = "<group>"; };
		78A8B5F11ED93AFF002B4070 /* ClientSingInViewController.swift */ = {isa = PBXFileReference; fileEncoding = 4; lastKnownFileType = sourcecode.swift; path = ClientSingInViewController.swift; sourceTree = "<group>"; };
		78A8B5F51ED943DF002B4070 /* ClientViewController.swift */ = {isa = PBXFileReference; fileEncoding = 4; lastKnownFileType = sourcecode.swift; path = ClientViewController.swift; sourceTree = "<group>"; };
		78B64C491ED7FC4200A77354 /* GoogleService-Info.plist */ = {isa = PBXFileReference; fileEncoding = 4; lastKnownFileType = text.plist.xml; path = "GoogleService-Info.plist"; sourceTree = "<group>"; };
		78B64C511ED801AB00A77354 /* AuthProvider.swift */ = {isa = PBXFileReference; fileEncoding = 4; lastKnownFileType = sourcecode.swift; path = AuthProvider.swift; sourceTree = "<group>"; };
		78DDF2811ED6ABE900EFA4F5 /* cliq.app */ = {isa = PBXFileReference; explicitFileType = wrapper.application; includeInIndex = 0; path = cliq.app; sourceTree = BUILT_PRODUCTS_DIR; };
		78DDF2841ED6ABE900EFA4F5 /* AppDelegate.swift */ = {isa = PBXFileReference; lastKnownFileType = sourcecode.swift; path = AppDelegate.swift; sourceTree = "<group>"; };
		78DDF2891ED6ABE900EFA4F5 /* Base */ = {isa = PBXFileReference; lastKnownFileType = file.storyboard; name = Base; path = Base.lproj/Main.storyboard; sourceTree = "<group>"; };
		78DDF28B1ED6ABE900EFA4F5 /* Assets.xcassets */ = {isa = PBXFileReference; lastKnownFileType = folder.assetcatalog; path = Assets.xcassets; sourceTree = "<group>"; };
		78DDF28E1ED6ABE900EFA4F5 /* Base */ = {isa = PBXFileReference; lastKnownFileType = file.storyboard; name = Base; path = Base.lproj/LaunchScreen.storyboard; sourceTree = "<group>"; };
		78DDF2901ED6ABEA00EFA4F5 /* Info.plist */ = {isa = PBXFileReference; lastKnownFileType = text.plist.xml; path = Info.plist; sourceTree = "<group>"; };
		78DDF29B1ED6B43500EFA4F5 /* Person.swift */ = {isa = PBXFileReference; fileEncoding = 4; lastKnownFileType = sourcecode.swift; path = Person.swift; sourceTree = "<group>"; };
		9489E7ADED5B8BD94CC74DBC /* Pods-cliq.release.xcconfig */ = {isa = PBXFileReference; includeInIndex = 1; lastKnownFileType = text.xcconfig; name = "Pods-cliq.release.xcconfig"; path = "Pods/Target Support Files/Pods-cliq/Pods-cliq.release.xcconfig"; sourceTree = "<group>"; };
		A44AE41DC70E6C274E871CD1 /* Pods-cliq.debug.xcconfig */ = {isa = PBXFileReference; includeInIndex = 1; lastKnownFileType = text.xcconfig; name = "Pods-cliq.debug.xcconfig"; path = "Pods/Target Support Files/Pods-cliq/Pods-cliq.debug.xcconfig"; sourceTree = "<group>"; };
/* End PBXFileReference section */

/* Begin PBXFrameworksBuildPhase section */
		78DDF27E1ED6ABE900EFA4F5 /* Frameworks */ = {
			isa = PBXFrameworksBuildPhase;
			buildActionMask = 2147483647;
			files = (
				8870C8BF984ECF983CDBC37B /* Pods_cliq.framework in Frameworks */,
			);
			runOnlyForDeploymentPostprocessing = 0;
		};
/* End PBXFrameworksBuildPhase section */

/* Begin PBXGroup section */
		2811B948E98BFD229B463E32 /* Frameworks */ = {
			isa = PBXGroup;
			children = (
				4285676F892A17ADD9D5E48D /* Pods_cliq.framework */,
			);
			name = Frameworks;
			sourceTree = "<group>";
		};
		7849AF4D1ED98C5900EE34FA /* Driver */ = {
			isa = PBXGroup;
			children = (
				7849AF4E1ED98C5F00EE34FA /* Model */,
				7849AF4F1ED98C6500EE34FA /* View */,
				7849AF501ED98C6900EE34FA /* Controller */,
			);
			name = Driver;
			sourceTree = "<group>";
		};
		7849AF4E1ED98C5F00EE34FA /* Model */ = {
			isa = PBXGroup;
			children = (
			);
			name = Model;
			sourceTree = "<group>";
		};
		7849AF4F1ED98C6500EE34FA /* View */ = {
			isa = PBXGroup;
			children = (
			);
			name = View;
			sourceTree = "<group>";
		};
		7849AF501ED98C6900EE34FA /* Controller */ = {
			isa = PBXGroup;
			children = (
				786B91CC1ED98F130060D981 /* BarberSignInViewController.swift */,
				786B91CE1EDA7FF70060D981 /* BarberViewController.swift */,
			);
			name = Controller;
			sourceTree = "<group>";
		};
		78B64C4B1ED8013300A77354 /* Plugins */ = {
			isa = PBXGroup;
			children = (
				78B64C511ED801AB00A77354 /* AuthProvider.swift */,
				7849AF471ED988B800EE34FA /* DBProvider.swift */,
				7849AF511ED98C8C00EE34FA /* Constants.swift */,
				786B91D21EDA8C870060D981 /* Variables.swift */,
				780DFF841EDB1D5E00B08175 /* CliqHandler.swift */,
			);
			name = Plugins;
			sourceTree = "<group>";
		};
		78DDF2781ED6ABE900EFA4F5 = {
			isa = PBXGroup;
			children = (
				78B64C4B1ED8013300A77354 /* Plugins */,
				7849AF4D1ED98C5900EE34FA /* Driver */,
				78DDF29D1ED6B7A200EFA4F5 /* Rider */,
				78DDF2831ED6ABE900EFA4F5 /* cliq */,
				78DDF2821ED6ABE900EFA4F5 /* Products */,
				C37DB2AC8C9932C34DB91614 /* Pods */,
				2811B948E98BFD229B463E32 /* Frameworks */,
			);
			sourceTree = "<group>";
		};
		78DDF2821ED6ABE900EFA4F5 /* Products */ = {
			isa = PBXGroup;
			children = (
				78DDF2811ED6ABE900EFA4F5 /* cliq.app */,
			);
			name = Products;
			sourceTree = "<group>";
		};
		78DDF2831ED6ABE900EFA4F5 /* cliq */ = {
			isa = PBXGroup;
			children = (
				78DDF2841ED6ABE900EFA4F5 /* AppDelegate.swift */,
				786B91D01EDA861F0060D981 /* FirstViewController.swift */,
				78DDF2881ED6ABE900EFA4F5 /* Main.storyboard */,
				78DDF28B1ED6ABE900EFA4F5 /* Assets.xcassets */,
				78DDF28D1ED6ABE900EFA4F5 /* LaunchScreen.storyboard */,
				78DDF2901ED6ABEA00EFA4F5 /* Info.plist */,
				78B64C491ED7FC4200A77354 /* GoogleService-Info.plist */,
			);
			path = cliq;
			sourceTree = "<group>";
		};
		78DDF2961ED6B22100EFA4F5 /* Model */ = {
			isa = PBXGroup;
			children = (
				78DDF29B1ED6B43500EFA4F5 /* Person.swift */,
			);
			name = Model;
			sourceTree = "<group>";
		};
		78DDF2971ED6B22C00EFA4F5 /* View */ = {
			isa = PBXGroup;
			children = (
			);
			name = View;
			sourceTree = "<group>";
		};
		78DDF2981ED6B23100EFA4F5 /* Controller */ = {
			isa = PBXGroup;
			children = (
				78A8B5F11ED93AFF002B4070 /* ClientSingInViewController.swift */,
				78A8B5F51ED943DF002B4070 /* ClientViewController.swift */,
			);
			name = Controller;
			sourceTree = "<group>";
		};
		78DDF29D1ED6B7A200EFA4F5 /* Rider */ = {
			isa = PBXGroup;
			children = (
				78DDF2961ED6B22100EFA4F5 /* Model */,
				78DDF2971ED6B22C00EFA4F5 /* View */,
				78DDF2981ED6B23100EFA4F5 /* Controller */,
			);
			name = Rider;
			sourceTree = "<group>";
		};
		C37DB2AC8C9932C34DB91614 /* Pods */ = {
			isa = PBXGroup;
			children = (
				A44AE41DC70E6C274E871CD1 /* Pods-cliq.debug.xcconfig */,
				9489E7ADED5B8BD94CC74DBC /* Pods-cliq.release.xcconfig */,
			);
			name = Pods;
			sourceTree = "<group>";
		};
/* End PBXGroup section */

/* Begin PBXNativeTarget section */
		78DDF2801ED6ABE900EFA4F5 /* cliq */ = {
			isa = PBXNativeTarget;
			buildConfigurationList = 78DDF2931ED6ABEA00EFA4F5 /* Build configuration list for PBXNativeTarget "cliq" */;
			buildPhases = (
				E392DFD241A4AD1C2B7E846D /* [CP] Check Pods Manifest.lock */,
				78DDF27D1ED6ABE900EFA4F5 /* Sources */,
				78DDF27E1ED6ABE900EFA4F5 /* Frameworks */,
				78DDF27F1ED6ABE900EFA4F5 /* Resources */,
				C76C766E43DD85736717CD7B /* [CP] Embed Pods Frameworks */,
				9407B9B3EC58CCB753BF457C /* [CP] Copy Pods Resources */,
			);
			buildRules = (
			);
			dependencies = (
			);
			name = cliq;
			productName = cliq;
			productReference = 78DDF2811ED6ABE900EFA4F5 /* cliq.app */;
			productType = "com.apple.product-type.application";
		};
/* End PBXNativeTarget section */

/* Begin PBXProject section */
		78DDF2791ED6ABE900EFA4F5 /* Project object */ = {
			isa = PBXProject;
			attributes = {
				LastSwiftUpdateCheck = 0830;
				LastUpgradeCheck = 0830;
				ORGANIZATIONNAME = Cliq;
				TargetAttributes = {
					78DDF2801ED6ABE900EFA4F5 = {
						CreatedOnToolsVersion = 8.3.2;
						DevelopmentTeam = TNFMXKJ454;
						ProvisioningStyle = Automatic;
					};
				};
			};
			buildConfigurationList = 78DDF27C1ED6ABE900EFA4F5 /* Build configuration list for PBXProject "cliq" */;
			compatibilityVersion = "Xcode 3.2";
			developmentRegion = English;
			hasScannedForEncodings = 0;
			knownRegions = (
				en,
				Base,
			);
			mainGroup = 78DDF2781ED6ABE900EFA4F5;
			productRefGroup = 78DDF2821ED6ABE900EFA4F5 /* Products */;
			projectDirPath = "";
			projectRoot = "";
			targets = (
				78DDF2801ED6ABE900EFA4F5 /* cliq */,
			);
		};
/* End PBXProject section */

/* Begin PBXResourcesBuildPhase section */
		78DDF27F1ED6ABE900EFA4F5 /* Resources */ = {
			isa = PBXResourcesBuildPhase;
			buildActionMask = 2147483647;
			files = (
				78DDF28F1ED6ABE900EFA4F5 /* LaunchScreen.storyboard in Resources */,
				78B64C4A1ED7FC4200A77354 /* GoogleService-Info.plist in Resources */,
				78DDF28C1ED6ABE900EFA4F5 /* Assets.xcassets in Resources */,
				78DDF28A1ED6ABE900EFA4F5 /* Main.storyboard in Resources */,
			);
			runOnlyForDeploymentPostprocessing = 0;
		};
/* End PBXResourcesBuildPhase section */

/* Begin PBXShellScriptBuildPhase section */
		9407B9B3EC58CCB753BF457C /* [CP] Copy Pods Resources */ = {
			isa = PBXShellScriptBuildPhase;
			buildActionMask = 2147483647;
			files = (
			);
			inputPaths = (
			);
			name = "[CP] Copy Pods Resources";
			outputPaths = (
			);
			runOnlyForDeploymentPostprocessing = 0;
			shellPath = /bin/sh;
			shellScript = "\"${SRCROOT}/Pods/Target Support Files/Pods-cliq/Pods-cliq-resources.sh\"\n";
			showEnvVarsInLog = 0;
		};
		C76C766E43DD85736717CD7B /* [CP] Embed Pods Frameworks */ = {
			isa = PBXShellScriptBuildPhase;
			buildActionMask = 2147483647;
			files = (
			);
			inputPaths = (
			);
			name = "[CP] Embed Pods Frameworks";
			outputPaths = (
			);
			runOnlyForDeploymentPostprocessing = 0;
			shellPath = /bin/sh;
			shellScript = "\"${SRCROOT}/Pods/Target Support Files/Pods-cliq/Pods-cliq-frameworks.sh\"\n";
			showEnvVarsInLog = 0;
		};
		E392DFD241A4AD1C2B7E846D /* [CP] Check Pods Manifest.lock */ = {
			isa = PBXShellScriptBuildPhase;
			buildActionMask = 2147483647;
			files = (
			);
			inputPaths = (
			);
			name = "[CP] Check Pods Manifest.lock";
			outputPaths = (
			);
			runOnlyForDeploymentPostprocessing = 0;
			shellPath = /bin/sh;
			shellScript = "diff \"${PODS_PODFILE_DIR_PATH}/Podfile.lock\" \"${PODS_ROOT}/Manifest.lock\" > /dev/null\nif [ $? != 0 ] ; then\n    # print error to STDERR\n    echo \"error: The sandbox is not in sync with the Podfile.lock. Run 'pod install' or update your CocoaPods installation.\" >&2\n    exit 1\nfi\n";
			showEnvVarsInLog = 0;
		};
/* End PBXShellScriptBuildPhase section */

/* Begin PBXSourcesBuildPhase section */
		78DDF27D1ED6ABE900EFA4F5 /* Sources */ = {
			isa = PBXSourcesBuildPhase;
			buildActionMask = 2147483647;
			files = (
				786B91CF1EDA7FF70060D981 /* BarberViewController.swift in Sources */,
				78A8B5F21ED93AFF002B4070 /* ClientSingInViewController.swift in Sources */,
				78A8B5F61ED943DF002B4070 /* ClientViewController.swift in Sources */,
				78DDF29C1ED6B43500EFA4F5 /* Person.swift in Sources */,
				7849AF481ED988B800EE34FA /* DBProvider.swift in Sources */,
				786B91D11EDA861F0060D981 /* FirstViewController.swift in Sources */,
				786B91CD1ED98F130060D981 /* BarberSignInViewController.swift in Sources */,
				786B91D31EDA8C870060D981 /* Variables.swift in Sources */,
				78DDF2851ED6ABE900EFA4F5 /* AppDelegate.swift in Sources */,
				78B64C521ED801AB00A77354 /* AuthProvider.swift in Sources */,
				7849AF521ED98C8C00EE34FA /* Constants.swift in Sources */,
				780DFF851EDB1D5E00B08175 /* CliqHandler.swift in Sources */,
			);
			runOnlyForDeploymentPostprocessing = 0;
		};
/* End PBXSourcesBuildPhase section */

/* Begin PBXVariantGroup section */
		78DDF2881ED6ABE900EFA4F5 /* Main.storyboard */ = {
			isa = PBXVariantGroup;
			children = (
				78DDF2891ED6ABE900EFA4F5 /* Base */,
			);
			name = Main.storyboard;
			sourceTree = "<group>";
		};
		78DDF28D1ED6ABE900EFA4F5 /* LaunchScreen.storyboard */ = {
			isa = PBXVariantGroup;
			children = (
				78DDF28E1ED6ABE900EFA4F5 /* Base */,
			);
			name = LaunchScreen.storyboard;
			sourceTree = "<group>";
		};
/* End PBXVariantGroup section */

/* Begin XCBuildConfiguration section */
		78DDF2911ED6ABEA00EFA4F5 /* Debug */ = {
			isa = XCBuildConfiguration;
			buildSettings = {
				ALWAYS_SEARCH_USER_PATHS = NO;
				CLANG_ANALYZER_NONNULL = YES;
				CLANG_ANALYZER_NUMBER_OBJECT_CONVERSION = YES_AGGRESSIVE;
				CLANG_CXX_LANGUAGE_STANDARD = "gnu++0x";
				CLANG_CXX_LIBRARY = "libc++";
				CLANG_ENABLE_MODULES = YES;
				CLANG_ENABLE_OBJC_ARC = YES;
				CLANG_WARN_BOOL_CONVERSION = YES;
				CLANG_WARN_CONSTANT_CONVERSION = YES;
				CLANG_WARN_DIRECT_OBJC_ISA_USAGE = YES_ERROR;
				CLANG_WARN_DOCUMENTATION_COMMENTS = YES;
				CLANG_WARN_EMPTY_BODY = YES;
				CLANG_WARN_ENUM_CONVERSION = YES;
				CLANG_WARN_INFINITE_RECURSION = YES;
				CLANG_WARN_INT_CONVERSION = YES;
				CLANG_WARN_OBJC_ROOT_CLASS = YES_ERROR;
				CLANG_WARN_SUSPICIOUS_MOVE = YES;
				CLANG_WARN_UNREACHABLE_CODE = YES;
				CLANG_WARN__DUPLICATE_METHOD_MATCH = YES;
				"CODE_SIGN_IDENTITY[sdk=iphoneos*]" = "iPhone Developer";
				COPY_PHASE_STRIP = NO;
				DEBUG_INFORMATION_FORMAT = dwarf;
				ENABLE_STRICT_OBJC_MSGSEND = YES;
				ENABLE_TESTABILITY = YES;
				GCC_C_LANGUAGE_STANDARD = gnu99;
				GCC_DYNAMIC_NO_PIC = NO;
				GCC_NO_COMMON_BLOCKS = YES;
				GCC_OPTIMIZATION_LEVEL = 0;
				GCC_PREPROCESSOR_DEFINITIONS = (
					"DEBUG=1",
					"$(inherited)",
				);
				GCC_WARN_64_TO_32_BIT_CONVERSION = YES;
				GCC_WARN_ABOUT_RETURN_TYPE = YES_ERROR;
				GCC_WARN_UNDECLARED_SELECTOR = YES;
				GCC_WARN_UNINITIALIZED_AUTOS = YES_AGGRESSIVE;
				GCC_WARN_UNUSED_FUNCTION = YES;
				GCC_WARN_UNUSED_VARIABLE = YES;
				IPHONEOS_DEPLOYMENT_TARGET = 10.3;
				MTL_ENABLE_DEBUG_INFO = YES;
				ONLY_ACTIVE_ARCH = YES;
				SDKROOT = iphoneos;
				SWIFT_ACTIVE_COMPILATION_CONDITIONS = DEBUG;
				SWIFT_OPTIMIZATION_LEVEL = "-Onone";
				TARGETED_DEVICE_FAMILY = "1,2";
			};
			name = Debug;
		};
		78DDF2921ED6ABEA00EFA4F5 /* Release */ = {
			isa = XCBuildConfiguration;
			buildSettings = {
				ALWAYS_SEARCH_USER_PATHS = NO;
				CLANG_ANALYZER_NONNULL = YES;
				CLANG_ANALYZER_NUMBER_OBJECT_CONVERSION = YES_AGGRESSIVE;
				CLANG_CXX_LANGUAGE_STANDARD = "gnu++0x";
				CLANG_CXX_LIBRARY = "libc++";
				CLANG_ENABLE_MODULES = YES;
				CLANG_ENABLE_OBJC_ARC = YES;
				CLANG_WARN_BOOL_CONVERSION = YES;
				CLANG_WARN_CONSTANT_CONVERSION = YES;
				CLANG_WARN_DIRECT_OBJC_ISA_USAGE = YES_ERROR;
				CLANG_WARN_DOCUMENTATION_COMMENTS = YES;
				CLANG_WARN_EMPTY_BODY = YES;
				CLANG_WARN_ENUM_CONVERSION = YES;
				CLANG_WARN_INFINITE_RECURSION = YES;
				CLANG_WARN_INT_CONVERSION = YES;
				CLANG_WARN_OBJC_ROOT_CLASS = YES_ERROR;
				CLANG_WARN_SUSPICIOUS_MOVE = YES;
				CLANG_WARN_UNREACHABLE_CODE = YES;
				CLANG_WARN__DUPLICATE_METHOD_MATCH = YES;
				"CODE_SIGN_IDENTITY[sdk=iphoneos*]" = "iPhone Developer";
				COPY_PHASE_STRIP = NO;
				DEBUG_INFORMATION_FORMAT = "dwarf-with-dsym";
				ENABLE_NS_ASSERTIONS = NO;
				ENABLE_STRICT_OBJC_MSGSEND = YES;
				GCC_C_LANGUAGE_STANDARD = gnu99;
				GCC_NO_COMMON_BLOCKS = YES;
				GCC_WARN_64_TO_32_BIT_CONVERSION = YES;
				GCC_WARN_ABOUT_RETURN_TYPE = YES_ERROR;
				GCC_WARN_UNDECLARED_SELECTOR = YES;
				GCC_WARN_UNINITIALIZED_AUTOS = YES_AGGRESSIVE;
				GCC_WARN_UNUSED_FUNCTION = YES;
				GCC_WARN_UNUSED_VARIABLE = YES;
				IPHONEOS_DEPLOYMENT_TARGET = 10.3;
				MTL_ENABLE_DEBUG_INFO = NO;
				SDKROOT = iphoneos;
				SWIFT_OPTIMIZATION_LEVEL = "-Owholemodule";
				TARGETED_DEVICE_FAMILY = "1,2";
				VALIDATE_PRODUCT = YES;
			};
			name = Release;
		};
		78DDF2941ED6ABEA00EFA4F5 /* Debug */ = {
			isa = XCBuildConfiguration;
			baseConfigurationReference = A44AE41DC70E6C274E871CD1 /* Pods-cliq.debug.xcconfig */;
			buildSettings = {
				ASSETCATALOG_COMPILER_APPICON_NAME = AppIcon;
				DEVELOPMENT_TEAM = TNFMXKJ454;
				INFOPLIST_FILE = cliq/Info.plist;
				LD_RUNPATH_SEARCH_PATHS = "$(inherited) @executable_path/Frameworks";
				PRODUCT_BUNDLE_IDENTIFIER = wnf.cliq;
				PRODUCT_NAME = "$(TARGET_NAME)";
				SWIFT_VERSION = 3.0;
			};
			name = Debug;
		};
		78DDF2951ED6ABEA00EFA4F5 /* Release */ = {
			isa = XCBuildConfiguration;
			baseConfigurationReference = 9489E7ADED5B8BD94CC74DBC /* Pods-cliq.release.xcconfig */;
			buildSettings = {
				ASSETCATALOG_COMPILER_APPICON_NAME = AppIcon;
				DEVELOPMENT_TEAM = TNFMXKJ454;
				INFOPLIST_FILE = cliq/Info.plist;
				LD_RUNPATH_SEARCH_PATHS = "$(inherited) @executable_path/Frameworks";
				PRODUCT_BUNDLE_IDENTIFIER = wnf.cliq;
				PRODUCT_NAME = "$(TARGET_NAME)";
				SWIFT_VERSION = 3.0;
			};
			name = Release;
		};
/* End XCBuildConfiguration section */

/* Begin XCConfigurationList section */
		78DDF27C1ED6ABE900EFA4F5 /* Build configuration list for PBXProject "cliq" */ = {
			isa = XCConfigurationList;
			buildConfigurations = (
				78DDF2911ED6ABEA00EFA4F5 /* Debug */,
				78DDF2921ED6ABEA00EFA4F5 /* Release */,
			);
			defaultConfigurationIsVisible = 0;
			defaultConfigurationName = Release;
		};
		78DDF2931ED6ABEA00EFA4F5 /* Build configuration list for PBXNativeTarget "cliq" */ = {
			isa = XCConfigurationList;
			buildConfigurations = (
				78DDF2941ED6ABEA00EFA4F5 /* Debug */,
				78DDF2951ED6ABEA00EFA4F5 /* Release */,
			);
			defaultConfigurationIsVisible = 0;
			defaultConfigurationName = Release;
		};
/* End XCConfigurationList section */
	};
	rootObject = 78DDF2791ED6ABE900EFA4F5 /* Project object */;
}
